
Microsoft Visual Studio Solution File, Format Version 12.00
# Visual Studio Version 17
VisualStudioVersion = 17.10.35004.147
MinimumVisualStudioVersion = 10.0.40219.1
Project("{888888A0-9F3D-457C-B088-3A5042F75D52}") = "ModsDownloader", "ModsDownloader\ModsDownloader.pyproj", "{4EF6A6FA-18A0-4451-8AC8-53D61F9A6697}"
EndProject
Global
	GlobalSection(SolutionConfigurationPlatforms) = preSolution
		Debug|Any CPU = Debug|Any CPU
		Release|Any CPU = Release|Any CPU
	EndGlobalSection
	GlobalSection(ProjectConfigurationPlatforms) = postSolution
		{4EF6A6FA-18A0-4451-8AC8-53D61F9A6697}.Debug|Any CPU.ActiveCfg = Debug|Any CPU
		{4EF6A6FA-18A0-4451-8AC8-53D61F9A6697}.Release|Any CPU.ActiveCfg = Release|Any CPU
	EndGlobalSection
	GlobalSection(SolutionProperties) = preSolution
		HideSolutionNode = FALSE
	EndGlobalSection
	GlobalSection(ExtensibilityGlobals) = postSolution
		SolutionGuid = {378DE6BC-4DDE-4F3C-B624-CD33D7B06E65}
	EndGlobalSection
EndGlobal
